// !$*UTF8*$!
{
	archiveVersion = 1;
	classes = {
	};
	objectVersion = 77;
	objects = {

/* Begin PBXBuildFile section */
		0877249E43072E9CD732CB3B /* SimilarPhotosView.swift in Sources */ = {isa = PBXBuildFile; fileRef = 7976A21D29DAA0870D9758ED /* SimilarPhotosView.swift */; };
		0D8BFB5E1FDC6FFCC9CF65E9 /* DashboardView.swift in Sources */ = {isa = PBXBuildFile; fileRef = 790536BE4F02798068FBB8E1 /* DashboardView.swift */; };
		0F9C02B9D4547E8B9FE2309E /* RootView.swift in Sources */ = {isa = PBXBuildFile; fileRef = 51199D61941ADC747124F80F /* RootView.swift */; };
		0FA5E2C5ED2D1472BB5E1E2E /* ReviewView.swift in Sources */ = {isa = PBXBuildFile; fileRef = 7CC25DB91671F900EDC1E716 /* ReviewView.swift */; };
		17161AC0D60299154A3927F1 /* Theme.swift in Sources */ = {isa = PBXBuildFile; fileRef = 125500870DB46E9D890DA950 /* Theme.swift */; };
		177742D5AF096BAD8D2A164D /* CleanupSelection.swift in Sources */ = {isa = PBXBuildFile; fileRef = 6B71A861EDB34E830DFD3D96 /* CleanupSelection.swift */; };
		1AE83DC63388715699686B48 /* PhotoAsset.swift in Sources */ = {isa = PBXBuildFile; fileRef = 25A53FD629FA9682D1C4EB80 /* PhotoAsset.swift */; };
		272A4CDD1454550FB64F0349 /* Assets.xcassets in Resources */ = {isa = PBXBuildFile; fileRef = A4F4743DA725EDFE2417AFE6 /* Assets.xcassets */; };
		357E1216FC3EE4103D271B6C /* DeviceStorage.swift in Sources */ = {isa = PBXBuildFile; fileRef = 424490F0A6734A292F12B042 /* DeviceStorage.swift */; };
		3991C1FA72EDB3761640C82F /* LargeVideosView.swift in Sources */ = {isa = PBXBuildFile; fileRef = 806297AE7D57A6FC328EB271 /* LargeVideosView.swift */; };
		407BA7BE05C4C7ED252D752B /* ContactModels.swift in Sources */ = {isa = PBXBuildFile; fileRef = DCA6AFB519179672C96E5E35 /* ContactModels.swift */; };
		40AA6466CA1DD942D09F966C /* CleanupSummaryView.swift in Sources */ = {isa = PBXBuildFile; fileRef = 8902DB47AF0292520BC05FDF /* CleanupSummaryView.swift */; };
		4B5BF0555B175BDEAB836717 /* ScanCoordinator.swift in Sources */ = {isa = PBXBuildFile; fileRef = 44FF35F6CBFF8C9D4D95661F /* ScanCoordinator.swift */; };
		4F2F82EE09E0E61F3BB78201 /* Navigator.swift in Sources */ = {isa = PBXBuildFile; fileRef = 4388F3C5D3684DD16C913AC8 /* Navigator.swift */; };
		5256F7F7FF7434A3DEC1C4F9 /* IntelligenceService.swift in Sources */ = {isa = PBXBuildFile; fileRef = F243E9D96E960E8881385B7F /* IntelligenceService.swift */; };
		5508D7BA3716F65BECDC145A /* NixelApp.swift in Sources */ = {isa = PBXBuildFile; fileRef = C979060BE2405F3C5B86A065 /* NixelApp.swift */; };
		55AEA8296030E6F116E5BE14 /* ThumbnailLoader.swift in Sources */ = {isa = PBXBuildFile; fileRef = 322DDC3670D50C94CB097423 /* ThumbnailLoader.swift */; };
		5F3298D6512A13B7035A3D04 /* ScreenshotTriage.swift in Sources */ = {isa = PBXBuildFile; fileRef = D24EA640AF3D8DB030522D33 /* ScreenshotTriage.swift */; };
		6AD0987FEF561A51F06D7958 /* AgentFindingCard.swift in Sources */ = {isa = PBXBuildFile; fileRef = 7ED98ED9F8DE8C7906129B16 /* AgentFindingCard.swift */; };
		6FFCDEAEC7936740AAD0D1E2 /* DuplicateContactsView.swift in Sources */ = {isa = PBXBuildFile; fileRef = 2EF42D40A2D0D2335285CE54 /* DuplicateContactsView.swift */; };
		83C378DF0554F5B3201979B6 /* NixelAgent.swift in Sources */ = {isa = PBXBuildFile; fileRef = D64A347EDFFAC981D3AA3863 /* NixelAgent.swift */; };
		85EFDFFD8772B4180AAADAA3 /* CleanupModels.swift in Sources */ = {isa = PBXBuildFile; fileRef = 8A715EAC578B42D04CDDF39B /* CleanupModels.swift */; };
		8EA2CD8709DE52DA20B94358 /* Descriptor.swift in Sources */ = {isa = PBXBuildFile; fileRef = 52F92E166CD956FF5E38FD12 /* Descriptor.swift */; };
		95BAF32099F0E0EB78B5CDC2 /* FeaturePrintStore.swift in Sources */ = {isa = PBXBuildFile; fileRef = 8589641A6989C06E8BF4D10E /* FeaturePrintStore.swift */; };
		9811C09D83DDCF8E0B77617F /* SimilarityEngine.swift in Sources */ = {isa = PBXBuildFile; fileRef = E128E399673432D9595F4D32 /* SimilarityEngine.swift */; };
		A230E8587FD2039D9FAAC3B1 /* SelectionBar.swift in Sources */ = {isa = PBXBuildFile; fileRef = 13203143BD165F360FF5608F /* SelectionBar.swift */; };
		A9ED13B771E90D7D489AD0B2 /* CategoryDetailView.swift in Sources */ = {isa = PBXBuildFile; fileRef = B8B27D6902B231135769463E /* CategoryDetailView.swift */; };
		AC5ECFC229E38996112719BF /* ScreenshotsView.swift in Sources */ = {isa = PBXBuildFile; fileRef = CC49C865B5C0AADC7DB5F6D7 /* ScreenshotsView.swift */; };
		ACB57FB0FCFABD19BAA8BA57 /* AssetThumbnailView.swift in Sources */ = {isa = PBXBuildFile; fileRef = 55AAAFB3328B7240841CBBD0 /* AssetThumbnailView.swift */; };
		AE7562D5D4AE2FEEE2F270F1 /* CleanupRunner.swift in Sources */ = {isa = PBXBuildFile; fileRef = AAFB6955AF610BA4ACCAB90D /* CleanupRunner.swift */; };
		B347E20471DA0E6E70D0C532 /* DebugContactSeed.swift in Sources */ = {isa = PBXBuildFile; fileRef = 72BD219A845C94C3E18427FA /* DebugContactSeed.swift */; };
		B751424298F341EF738B8549 /* PhotoFetch.swift in Sources */ = {isa = PBXBuildFile; fileRef = 60781DBE88F0694B7C0AD000 /* PhotoFetch.swift */; };
		BBD20D22AE7F0B3671D73ED5 /* ContactScanner.swift in Sources */ = {isa = PBXBuildFile; fileRef = D4166C47E64306E73A7D7498 /* ContactScanner.swift */; };
		BC96E3A4FB50ED561B9BC123 /* Glass.swift in Sources */ = {isa = PBXBuildFile; fileRef = F482D96B25A1CFF0CDED0606 /* Glass.swift */; };
		C1F6B182A46C0AD846E74195 /* PermissionCenter.swift in Sources */ = {isa = PBXBuildFile; fileRef = 04631198A54F1678A9502669 /* PermissionCenter.swift */; };
		D109B557766B285E64E2282A /* Components.swift in Sources */ = {isa = PBXBuildFile; fileRef = D71FBA59F375C6E1E511AB58 /* Components.swift */; };
		E18B677BD6297AD42B31FA20 /* AgentSettingsView.swift in Sources */ = {isa = PBXBuildFile; fileRef = 0938C5A6B998EDBB678A5E19 /* AgentSettingsView.swift */; };
		EA0097083FC9871BAFB1E818 /* PhotoAccessHelper.swift in Sources */ = {isa = PBXBuildFile; fileRef = A2291B877EC497EBA9E46929 /* PhotoAccessHelper.swift */; };
		F5A2FF891395EFB6C2BA4353 /* ContactMerger.swift in Sources */ = {isa = PBXBuildFile; fileRef = A0B44FA81F09F3A13E83371F /* ContactMerger.swift */; };
		FA129D66DFA0677B8ECCB6AC /* Sharpness.swift in Sources */ = {isa = PBXBuildFile; fileRef = E0AF550DD26D63E92D447628 /* Sharpness.swift */; };
/* End PBXBuildFile section */

/* Begin PBXFileReference section */
		019D68DF51E9ABA34C7F3A22 /* Info.plist */ = {isa = PBXFileReference; lastKnownFileType = text.plist; path = Info.plist; sourceTree = "<group>"; };
		04631198A54F1678A9502669 /* PermissionCenter.swift */ = {isa = PBXFileReference; lastKnownFileType = sourcecode.swift; path = PermissionCenter.swift; sourceTree = "<group>"; };
		0938C5A6B998EDBB678A5E19 /* AgentSettingsView.swift */ = {isa = PBXFileReference; lastKnownFileType = sourcecode.swift; path = AgentSettingsView.swift; sourceTree = "<group>"; };
		125500870DB46E9D890DA950 /* Theme.swift */ = {isa = PBXFileReference; lastKnownFileType = sourcecode.swift; path = Theme.swift; sourceTree = "<group>"; };
		13203143BD165F360FF5608F /* SelectionBar.swift */ = {isa = PBXFileReference; lastKnownFileType = sourcecode.swift; path = SelectionBar.swift; sourceTree = "<group>"; };
		25A53FD629FA9682D1C4EB80 /* PhotoAsset.swift */ = {isa = PBXFileReference; lastKnownFileType = sourcecode.swift; path = PhotoAsset.swift; sourceTree = "<group>"; };
		2EF42D40A2D0D2335285CE54 /* DuplicateContactsView.swift */ = {isa = PBXFileReference; lastKnownFileType = sourcecode.swift; path = DuplicateContactsView.swift; sourceTree = "<group>"; };
		322DDC3670D50C94CB097423 /* ThumbnailLoader.swift */ = {isa = PBXFileReference; lastKnownFileType = sourcecode.swift; path = ThumbnailLoader.swift; sourceTree = "<group>"; };
		424490F0A6734A292F12B042 /* DeviceStorage.swift */ = {isa = PBXFileReference; lastKnownFileType = sourcecode.swift; path = DeviceStorage.swift; sourceTree = "<group>"; };
		4388F3C5D3684DD16C913AC8 /* Navigator.swift */ = {isa = PBXFileReference; lastKnownFileType = sourcecode.swift; path = Navigator.swift; sourceTree = "<group>"; };
		44FF35F6CBFF8C9D4D95661F /* ScanCoordinator.swift */ = {isa = PBXFileReference; lastKnownFileType = sourcecode.swift; path = ScanCoordinator.swift; sourceTree = "<group>"; };
		51199D61941ADC747124F80F /* RootView.swift */ = {isa = PBXFileReference; lastKnownFileType = sourcecode.swift; path = RootView.swift; sourceTree = "<group>"; };
		52F92E166CD956FF5E38FD12 /* Descriptor.swift */ = {isa = PBXFileReference; lastKnownFileType = sourcecode.swift; path = Descriptor.swift; sourceTree = "<group>"; };
		55AAAFB3328B7240841CBBD0 /* AssetThumbnailView.swift */ = {isa = PBXFileReference; lastKnownFileType = sourcecode.swift; path = AssetThumbnailView.swift; sourceTree = "<group>"; };
		60781DBE88F0694B7C0AD000 /* PhotoFetch.swift */ = {isa = PBXFileReference; lastKnownFileType = sourcecode.swift; path = PhotoFetch.swift; sourceTree = "<group>"; };
		6B71A861EDB34E830DFD3D96 /* CleanupSelection.swift */ = {isa = PBXFileReference; lastKnownFileType = sourcecode.swift; path = CleanupSelection.swift; sourceTree = "<group>"; };
		72BD219A845C94C3E18427FA /* DebugContactSeed.swift */ = {isa = PBXFileReference; lastKnownFileType = sourcecode.swift; path = DebugContactSeed.swift; sourceTree = "<group>"; };
		790536BE4F02798068FBB8E1 /* DashboardView.swift */ = {isa = PBXFileReference; lastKnownFileType = sourcecode.swift; path = DashboardView.swift; sourceTree = "<group>"; };
		7976A21D29DAA0870D9758ED /* SimilarPhotosView.swift */ = {isa = PBXFileReference; lastKnownFileType = sourcecode.swift; path = SimilarPhotosView.swift; sourceTree = "<group>"; };
		7CC25DB91671F900EDC1E716 /* ReviewView.swift */ = {isa = PBXFileReference; lastKnownFileType = sourcecode.swift; path = ReviewView.swift; sourceTree = "<group>"; };
		7ED98ED9F8DE8C7906129B16 /* AgentFindingCard.swift */ = {isa = PBXFileReference; lastKnownFileType = sourcecode.swift; path = AgentFindingCard.swift; sourceTree = "<group>"; };
		806297AE7D57A6FC328EB271 /* LargeVideosView.swift */ = {isa = PBXFileReference; lastKnownFileType = sourcecode.swift; path = LargeVideosView.swift; sourceTree = "<group>"; };
		8589641A6989C06E8BF4D10E /* FeaturePrintStore.swift */ = {isa = PBXFileReference; lastKnownFileType = sourcecode.swift; path = FeaturePrintStore.swift; sourceTree = "<group>"; };
		8902DB47AF0292520BC05FDF /* CleanupSummaryView.swift */ = {isa = PBXFileReference; lastKnownFileType = sourcecode.swift; path = CleanupSummaryView.swift; sourceTree = "<group>"; };
		8A715EAC578B42D04CDDF39B /* CleanupModels.swift */ = {isa = PBXFileReference; lastKnownFileType = sourcecode.swift; path = CleanupModels.swift; sourceTree = "<group>"; };
		A0B44FA81F09F3A13E83371F /* ContactMerger.swift */ = {isa = PBXFileReference; lastKnownFileType = sourcecode.swift; path = ContactMerger.swift; sourceTree = "<group>"; };
		A2291B877EC497EBA9E46929 /* PhotoAccessHelper.swift */ = {isa = PBXFileReference; lastKnownFileType = sourcecode.swift; path = PhotoAccessHelper.swift; sourceTree = "<group>"; };
		A4F4743DA725EDFE2417AFE6 /* Assets.xcassets */ = {isa = PBXFileReference; lastKnownFileType = folder.assetcatalog; path = Assets.xcassets; sourceTree = "<group>"; };
		AAFB6955AF610BA4ACCAB90D /* CleanupRunner.swift */ = {isa = PBXFileReference; lastKnownFileType = sourcecode.swift; path = CleanupRunner.swift; sourceTree = "<group>"; };
		B8B27D6902B231135769463E /* CategoryDetailView.swift */ = {isa = PBXFileReference; lastKnownFileType = sourcecode.swift; path = CategoryDetailView.swift; sourceTree = "<group>"; };
		C979060BE2405F3C5B86A065 /* NixelApp.swift */ = {isa = PBXFileReference; lastKnownFileType = sourcecode.swift; path = NixelApp.swift; sourceTree = "<group>"; };
		CC49C865B5C0AADC7DB5F6D7 /* ScreenshotsView.swift */ = {isa = PBXFileReference; lastKnownFileType = sourcecode.swift; path = ScreenshotsView.swift; sourceTree = "<group>"; };
		D24EA640AF3D8DB030522D33 /* ScreenshotTriage.swift */ = {isa = PBXFileReference; lastKnownFileType = sourcecode.swift; path = ScreenshotTriage.swift; sourceTree = "<group>"; };
		D4166C47E64306E73A7D7498 /* ContactScanner.swift */ = {isa = PBXFileReference; lastKnownFileType = sourcecode.swift; path = ContactScanner.swift; sourceTree = "<group>"; };
		D64A347EDFFAC981D3AA3863 /* NixelAgent.swift */ = {isa = PBXFileReference; lastKnownFileType = sourcecode.swift; path = NixelAgent.swift; sourceTree = "<group>"; };
		D71FBA59F375C6E1E511AB58 /* Components.swift */ = {isa = PBXFileReference; lastKnownFileType = sourcecode.swift; path = Components.swift; sourceTree = "<group>"; };
		DCA6AFB519179672C96E5E35 /* ContactModels.swift */ = {isa = PBXFileReference; lastKnownFileType = sourcecode.swift; path = ContactModels.swift; sourceTree = "<group>"; };
		E0AF550DD26D63E92D447628 /* Sharpness.swift */ = {isa = PBXFileReference; lastKnownFileType = sourcecode.swift; path = Sharpness.swift; sourceTree = "<group>"; };
		E128E399673432D9595F4D32 /* SimilarityEngine.swift */ = {isa = PBXFileReference; lastKnownFileType = sourcecode.swift; path = SimilarityEngine.swift; sourceTree = "<group>"; };
		E5D72F424621A0BBE7ABC95C /* Nixel.app */ = {isa = PBXFileReference; includeInIndex = 0; lastKnownFileType = wrapper.application; path = Nixel.app; sourceTree = BUILT_PRODUCTS_DIR; };
		F243E9D96E960E8881385B7F /* IntelligenceService.swift */ = {isa = PBXFileReference; lastKnownFileType = sourcecode.swift; path = IntelligenceService.swift; sourceTree = "<group>"; };
		F482D96B25A1CFF0CDED0606 /* Glass.swift */ = {isa = PBXFileReference; lastKnownFileType = sourcecode.swift; path = Glass.swift; sourceTree = "<group>"; };
/* End PBXFileReference section */

/* Begin PBXGroup section */
		071C382A0097DD78C456BF9F /* DuplicateContacts */ = {
			isa = PBXGroup;
			children = (
				2EF42D40A2D0D2335285CE54 /* DuplicateContactsView.swift */,
			);
			path = DuplicateContacts;
			sourceTree = "<group>";
		};
		0B46E02EBA6662176494EB8C /* Review */ = {
			isa = PBXGroup;
			children = (
				8902DB47AF0292520BC05FDF /* CleanupSummaryView.swift */,
				7CC25DB91671F900EDC1E716 /* ReviewView.swift */,
			);
			path = Review;
			sourceTree = "<group>";
		};
		0CD108B572103B8EC9DC1843 /* Resources */ = {
			isa = PBXGroup;
			children = (
				A4F4743DA725EDFE2417AFE6 /* Assets.xcassets */,
				019D68DF51E9ABA34C7F3A22 /* Info.plist */,
			);
			path = Resources;
			sourceTree = "<group>";
		};
		10410BF5C7B60F9636589804 /* Dashboard */ = {
			isa = PBXGroup;
			children = (
				790536BE4F02798068FBB8E1 /* DashboardView.swift */,
			);
			path = Dashboard;
			sourceTree = "<group>";
		};
		141B169FEE50AA832BED39D5 /* Core */ = {
			isa = PBXGroup;
			children = (
				96A5166053E9AE5007158546 /* Agent */,
				ABAC0C06A4DE8F2BAA01B114 /* Cleanup */,
				852E3AEFAA03C52F6D851768 /* Contacts */,
				606F94A133985176DBBBCC46 /* Intelligence */,
				5BA45E6211C64A867A099C2D /* Permissions */,
				C7AD34F49E6FAA94E04C0882 /* Photos */,
				B6354694A02340B9396B63BE /* Similarity */,
				C4B79A31B6E5EFB6EDDB668B /* Storage */,
			);
			path = Core;
			sourceTree = "<group>";
		};
		338F659FA729DA3A501B9BD8 /* Products */ = {
			isa = PBXGroup;
			children = (
				E5D72F424621A0BBE7ABC95C /* Nixel.app */,
			);
			name = Products;
			sourceTree = "<group>";
		};
		3E5A765CA21A884019521FB8 /* LargeVideos */ = {
			isa = PBXGroup;
			children = (
				806297AE7D57A6FC328EB271 /* LargeVideosView.swift */,
			);
			path = LargeVideos;
			sourceTree = "<group>";
		};
		5BA45E6211C64A867A099C2D /* Permissions */ = {
			isa = PBXGroup;
			children = (
				04631198A54F1678A9502669 /* PermissionCenter.swift */,
				A2291B877EC497EBA9E46929 /* PhotoAccessHelper.swift */,
			);
			path = Permissions;
			sourceTree = "<group>";
		};
		606F94A133985176DBBBCC46 /* Intelligence */ = {
			isa = PBXGroup;
			children = (
				F243E9D96E960E8881385B7F /* IntelligenceService.swift */,
				D24EA640AF3D8DB030522D33 /* ScreenshotTriage.swift */,
			);
			path = Intelligence;
			sourceTree = "<group>";
		};
		7769AA6EE6FC3DEA472A2D27 /* DesignSystem */ = {
			isa = PBXGroup;
			children = (
				D71FBA59F375C6E1E511AB58 /* Components.swift */,
				F482D96B25A1CFF0CDED0606 /* Glass.swift */,
				125500870DB46E9D890DA950 /* Theme.swift */,
			);
			path = DesignSystem;
			sourceTree = "<group>";
		};
		79C07C7556B216740DBD68B6 /* App */ = {
			isa = PBXGroup;
			children = (
				4388F3C5D3684DD16C913AC8 /* Navigator.swift */,
				C979060BE2405F3C5B86A065 /* NixelApp.swift */,
				51199D61941ADC747124F80F /* RootView.swift */,
			);
			path = App;
			sourceTree = "<group>";
		};
		852E3AEFAA03C52F6D851768 /* Contacts */ = {
			isa = PBXGroup;
			children = (
				A0B44FA81F09F3A13E83371F /* ContactMerger.swift */,
				DCA6AFB519179672C96E5E35 /* ContactModels.swift */,
				D4166C47E64306E73A7D7498 /* ContactScanner.swift */,
				72BD219A845C94C3E18427FA /* DebugContactSeed.swift */,
			);
			path = Contacts;
			sourceTree = "<group>";
		};
		88DED159D854E1B815F85F87 /* Screenshots */ = {
			isa = PBXGroup;
			children = (
				CC49C865B5C0AADC7DB5F6D7 /* ScreenshotsView.swift */,
			);
			path = Screenshots;
			sourceTree = "<group>";
		};
		895FE54EB8E87EBD2FDE06A6 /* Nixel */ = {
			isa = PBXGroup;
			children = (
				79C07C7556B216740DBD68B6 /* App */,
				141B169FEE50AA832BED39D5 /* Core */,
				7769AA6EE6FC3DEA472A2D27 /* DesignSystem */,
				FD57160BE00BCCB0854C2728 /* Features */,
				0CD108B572103B8EC9DC1843 /* Resources */,
			);
			path = Nixel;
			sourceTree = "<group>";
		};
		8F193C160B3E9B79CECA5F54 = {
			isa = PBXGroup;
			children = (
				895FE54EB8E87EBD2FDE06A6 /* Nixel */,
				338F659FA729DA3A501B9BD8 /* Products */,
			);
			sourceTree = "<group>";
		};
		9227FFFB980DB2FA239C4E58 /* SimilarPhotos */ = {
			isa = PBXGroup;
			children = (
				7976A21D29DAA0870D9758ED /* SimilarPhotosView.swift */,
			);
			path = SimilarPhotos;
			sourceTree = "<group>";
		};
		96A5166053E9AE5007158546 /* Agent */ = {
			isa = PBXGroup;
			children = (
				D64A347EDFFAC981D3AA3863 /* NixelAgent.swift */,
			);
			path = Agent;
			sourceTree = "<group>";
		};
		9B27A41379345222DE273018 /* Shared */ = {
			isa = PBXGroup;
			children = (
				55AAAFB3328B7240841CBBD0 /* AssetThumbnailView.swift */,
				B8B27D6902B231135769463E /* CategoryDetailView.swift */,
				13203143BD165F360FF5608F /* SelectionBar.swift */,
			);
			path = Shared;
			sourceTree = "<group>";
		};
		ABAC0C06A4DE8F2BAA01B114 /* Cleanup */ = {
			isa = PBXGroup;
			children = (
				8A715EAC578B42D04CDDF39B /* CleanupModels.swift */,
				AAFB6955AF610BA4ACCAB90D /* CleanupRunner.swift */,
				6B71A861EDB34E830DFD3D96 /* CleanupSelection.swift */,
				44FF35F6CBFF8C9D4D95661F /* ScanCoordinator.swift */,
			);
			path = Cleanup;
			sourceTree = "<group>";
		};
		B6354694A02340B9396B63BE /* Similarity */ = {
			isa = PBXGroup;
			children = (
				52F92E166CD956FF5E38FD12 /* Descriptor.swift */,
				8589641A6989C06E8BF4D10E /* FeaturePrintStore.swift */,
				E0AF550DD26D63E92D447628 /* Sharpness.swift */,
				E128E399673432D9595F4D32 /* SimilarityEngine.swift */,
			);
			path = Similarity;
			sourceTree = "<group>";
		};
		C4B79A31B6E5EFB6EDDB668B /* Storage */ = {
			isa = PBXGroup;
			children = (
				424490F0A6734A292F12B042 /* DeviceStorage.swift */,
			);
			path = Storage;
			sourceTree = "<group>";
		};
		C7AD34F49E6FAA94E04C0882 /* Photos */ = {
			isa = PBXGroup;
			children = (
				25A53FD629FA9682D1C4EB80 /* PhotoAsset.swift */,
				60781DBE88F0694B7C0AD000 /* PhotoFetch.swift */,
				322DDC3670D50C94CB097423 /* ThumbnailLoader.swift */,
			);
			path = Photos;
			sourceTree = "<group>";
		};
		FD57160BE00BCCB0854C2728 /* Features */ = {
			isa = PBXGroup;
			children = (
				FF848DA1D5059531E333FD5A /* Agent */,
				10410BF5C7B60F9636589804 /* Dashboard */,
				071C382A0097DD78C456BF9F /* DuplicateContacts */,
				3E5A765CA21A884019521FB8 /* LargeVideos */,
				0B46E02EBA6662176494EB8C /* Review */,
				88DED159D854E1B815F85F87 /* Screenshots */,
				9B27A41379345222DE273018 /* Shared */,
				9227FFFB980DB2FA239C4E58 /* SimilarPhotos */,
			);
			path = Features;
			sourceTree = "<group>";
		};
		FF848DA1D5059531E333FD5A /* Agent */ = {
			isa = PBXGroup;
			children = (
				7ED98ED9F8DE8C7906129B16 /* AgentFindingCard.swift */,
				0938C5A6B998EDBB678A5E19 /* AgentSettingsView.swift */,
			);
			path = Agent;
			sourceTree = "<group>";
		};
/* End PBXGroup section */

/* Begin PBXNativeTarget section */
		FCC3B7872928665502396D7C /* Nixel */ = {
			isa = PBXNativeTarget;
			buildConfigurationList = BED996757ED8ECA1A43D6233 /* Build configuration list for PBXNativeTarget "Nixel" */;
			buildPhases = (
				D2BB6B7CE560A1A31C228152 /* Sources */,
				39E089242795C6F2EF8DE610 /* Resources */,
			);
			buildRules = (
			);
			dependencies = (
			);
			name = Nixel;
			packageProductDependencies = (
			);
			productName = Nixel;
			productReference = E5D72F424621A0BBE7ABC95C /* Nixel.app */;
			productType = "com.apple.product-type.application";
		};
/* End PBXNativeTarget section */

/* Begin PBXProject section */
		4AB31C5C847362F431F3F0B3 /* Project object */ = {
			isa = PBXProject;
			attributes = {
				BuildIndependentTargetsInParallel = YES;
				LastUpgradeCheck = 1430;
				TargetAttributes = {
					FCC3B7872928665502396D7C = {
						ProvisioningStyle = Automatic;
					};
				};
			};
			buildConfigurationList = EB522AC912B41FC2D1377F07 /* Build configuration list for PBXProject "Nixel" */;
			developmentRegion = en;
			hasScannedForEncodings = 0;
			knownRegions = (
				Base,
				en,
			);
			mainGroup = 8F193C160B3E9B79CECA5F54;
			minimizedProjectReferenceProxies = 1;
			preferredProjectObjectVersion = 77;
			productRefGroup = 338F659FA729DA3A501B9BD8 /* Products */;
			projectDirPath = "";
			projectRoot = "";
			targets = (
				FCC3B7872928665502396D7C /* Nixel */,
			);
		};
/* End PBXProject section */

/* Begin PBXResourcesBuildPhase section */
		39E089242795C6F2EF8DE610 /* Resources */ = {
			isa = PBXResourcesBuildPhase;
			buildActionMask = 2147483647;
			files = (
				272A4CDD1454550FB64F0349 /* Assets.xcassets in Resources */,
			);
			runOnlyForDeploymentPostprocessing = 0;
		};
/* End PBXResourcesBuildPhase section */

/* Begin PBXSourcesBuildPhase section */
		D2BB6B7CE560A1A31C228152 /* Sources */ = {
			isa = PBXSourcesBuildPhase;
			buildActionMask = 2147483647;
			files = (
				6AD0987FEF561A51F06D7958 /* AgentFindingCard.swift in Sources */,
				E18B677BD6297AD42B31FA20 /* AgentSettingsView.swift in Sources */,
				ACB57FB0FCFABD19BAA8BA57 /* AssetThumbnailView.swift in Sources */,
				A9ED13B771E90D7D489AD0B2 /* CategoryDetailView.swift in Sources */,
				85EFDFFD8772B4180AAADAA3 /* CleanupModels.swift in Sources */,
				AE7562D5D4AE2FEEE2F270F1 /* CleanupRunner.swift in Sources */,
				177742D5AF096BAD8D2A164D /* CleanupSelection.swift in Sources */,
				40AA6466CA1DD942D09F966C /* CleanupSummaryView.swift in Sources */,
				D109B557766B285E64E2282A /* Components.swift in Sources */,
				F5A2FF891395EFB6C2BA4353 /* ContactMerger.swift in Sources */,
				407BA7BE05C4C7ED252D752B /* ContactModels.swift in Sources */,
				BBD20D22AE7F0B3671D73ED5 /* ContactScanner.swift in Sources */,
				0D8BFB5E1FDC6FFCC9CF65E9 /* DashboardView.swift in Sources */,
				B347E20471DA0E6E70D0C532 /* DebugContactSeed.swift in Sources */,
				8EA2CD8709DE52DA20B94358 /* Descriptor.swift in Sources */,
				357E1216FC3EE4103D271B6C /* DeviceStorage.swift in Sources */,
				6FFCDEAEC7936740AAD0D1E2 /* DuplicateContactsView.swift in Sources */,
				95BAF32099F0E0EB78B5CDC2 /* FeaturePrintStore.swift in Sources */,
				BC96E3A4FB50ED561B9BC123 /* Glass.swift in Sources */,
				5256F7F7FF7434A3DEC1C4F9 /* IntelligenceService.swift in Sources */,
				3991C1FA72EDB3761640C82F /* LargeVideosView.swift in Sources */,
				4F2F82EE09E0E61F3BB78201 /* Navigator.swift in Sources */,
				83C378DF0554F5B3201979B6 /* NixelAgent.swift in Sources */,
				5508D7BA3716F65BECDC145A /* NixelApp.swift in Sources */,
				C1F6B182A46C0AD846E74195 /* PermissionCenter.swift in Sources */,
				EA0097083FC9871BAFB1E818 /* PhotoAccessHelper.swift in Sources */,
				1AE83DC63388715699686B48 /* PhotoAsset.swift in Sources */,
				B751424298F341EF738B8549 /* PhotoFetch.swift in Sources */,
				0FA5E2C5ED2D1472BB5E1E2E /* ReviewView.swift in Sources */,
				0F9C02B9D4547E8B9FE2309E /* RootView.swift in Sources */,
				4B5BF0555B175BDEAB836717 /* ScanCoordinator.swift in Sources */,
				5F3298D6512A13B7035A3D04 /* ScreenshotTriage.swift in Sources */,
				AC5ECFC229E38996112719BF /* ScreenshotsView.swift in Sources */,
				A230E8587FD2039D9FAAC3B1 /* SelectionBar.swift in Sources */,
				FA129D66DFA0677B8ECCB6AC /* Sharpness.swift in Sources */,
				0877249E43072E9CD732CB3B /* SimilarPhotosView.swift in Sources */,
				9811C09D83DDCF8E0B77617F /* SimilarityEngine.swift in Sources */,
				17161AC0D60299154A3927F1 /* Theme.swift in Sources */,
				55AEA8296030E6F116E5BE14 /* ThumbnailLoader.swift in Sources */,
			);
			runOnlyForDeploymentPostprocessing = 0;
		};
/* End PBXSourcesBuildPhase section */

/* Begin XCBuildConfiguration section */
		6058718F892D3956E4C387B1 /* Debug */ = {
			isa = XCBuildConfiguration;
			buildSettings = {
				ALWAYS_SEARCH_USER_PATHS = NO;
				CLANG_ANALYZER_NONNULL = YES;
				CLANG_ANALYZER_NUMBER_OBJECT_CONVERSION = YES_AGGRESSIVE;
				CLANG_CXX_LANGUAGE_STANDARD = "gnu++14";
				CLANG_CXX_LIBRARY = "libc++";
				CLANG_ENABLE_MODULES = YES;
				CLANG_ENABLE_OBJC_ARC = YES;
				CLANG_ENABLE_OBJC_WEAK = YES;
				CLANG_WARN_BLOCK_CAPTURE_AUTORELEASING = YES;
				CLANG_WARN_BOOL_CONVERSION = YES;
				CLANG_WARN_COMMA = YES;
				CLANG_WARN_CONSTANT_CONVERSION = YES;
				CLANG_WARN_DEPRECATED_OBJC_IMPLEMENTATIONS = YES;
				CLANG_WARN_DIRECT_OBJC_ISA_USAGE = YES_ERROR;
				CLANG_WARN_DOCUMENTATION_COMMENTS = YES;
				CLANG_WARN_EMPTY_BODY = YES;
				CLANG_WARN_ENUM_CONVERSION = YES;
				CLANG_WARN_INFINITE_RECURSION = YES;
				CLANG_WARN_INT_CONVERSION = YES;
				CLANG_WARN_NON_LITERAL_NULL_CONVERSION = YES;
				CLANG_WARN_OBJC_IMPLICIT_RETAIN_SELF = YES;
				CLANG_WARN_OBJC_LITERAL_CONVERSION = YES;
				CLANG_WARN_OBJC_ROOT_CLASS = YES_ERROR;
				CLANG_WARN_QUOTED_INCLUDE_IN_FRAMEWORK_HEADER = YES;
				CLANG_WARN_RANGE_LOOP_ANALYSIS = YES;
				CLANG_WARN_STRICT_PROTOTYPES = YES;
				CLANG_WARN_SUSPICIOUS_MOVE = YES;
				CLANG_WARN_UNGUARDED_AVAILABILITY = YES_AGGRESSIVE;
				CLANG_WARN_UNREACHABLE_CODE = YES;
				CLANG_WARN__DUPLICATE_METHOD_MATCH = YES;
				CODE_SIGN_STYLE = Automatic;
				COPY_PHASE_STRIP = NO;
				CURRENT_PROJECT_VERSION = 1;
				DEBUG_INFORMATION_FORMAT = dwarf;
				ENABLE_STRICT_OBJC_MSGSEND = YES;
				ENABLE_TESTABILITY = YES;
				ENABLE_USER_SCRIPT_SANDBOXING = YES;
				GCC_C_LANGUAGE_STANDARD = gnu11;
				GCC_DYNAMIC_NO_PIC = NO;
				GCC_NO_COMMON_BLOCKS = YES;
				GCC_OPTIMIZATION_LEVEL = 0;
				GCC_PREPROCESSOR_DEFINITIONS = (
					"$(inherited)",
					"DEBUG=1",
				);
				GCC_WARN_64_TO_32_BIT_CONVERSION = YES;
				GCC_WARN_ABOUT_RETURN_TYPE = YES_ERROR;
				GCC_WARN_UNDECLARED_SELECTOR = YES;
				GCC_WARN_UNINITIALIZED_AUTOS = YES_AGGRESSIVE;
				GCC_WARN_UNUSED_FUNCTION = YES;
				GCC_WARN_UNUSED_VARIABLE = YES;
				IPHONEOS_DEPLOYMENT_TARGET = 17.0;
				MARKETING_VERSION = 1.0;
				MTL_ENABLE_DEBUG_INFO = INCLUDE_SOURCE;
				MTL_FAST_MATH = YES;
				ONLY_ACTIVE_ARCH = YES;
				PRODUCT_NAME = "$(TARGET_NAME)";
				SDKROOT = iphoneos;
				SWIFT_ACTIVE_COMPILATION_CONDITIONS = DEBUG;
				SWIFT_OPTIMIZATION_LEVEL = "-Onone";
				SWIFT_STRICT_CONCURRENCY = minimal;
				SWIFT_VERSION = 5.0;
			};
			name = Debug;
		};
		90D6C4D89386FD287ABC7FF7 /* Release */ = {
			isa = XCBuildConfiguration;
			buildSettings = {
				ASSETCATALOG_COMPILER_APPICON_NAME = AppIcon;
				ASSETCATALOG_COMPILER_GLOBAL_ACCENT_COLOR_NAME = AccentColor;
				CODE_SIGN_IDENTITY = "iPhone Developer";
				ENABLE_PREVIEWS = YES;
				INFOPLIST_FILE = Nixel/Resources/Info.plist;
				LD_RUNPATH_SEARCH_PATHS = (
					"$(inherited)",
					"@executable_path/Frameworks",
				);
				PRODUCT_BUNDLE_IDENTIFIER = com.nilabha.nixel;
				PRODUCT_NAME = Nixel;
				SDKROOT = iphoneos;
				SUPPORTS_MACCATALYST = NO;
				SUPPORTS_MAC_DESIGNED_FOR_IPHONE_IPAD = NO;
				SUPPORTS_XR_DESIGNED_FOR_IPHONE_IPAD = NO;
				TARGETED_DEVICE_FAMILY = 1;
			};
			name = Release;
		};
		96F8E6E6C1B00A7D7DF40598 /* Release */ = {
			isa = XCBuildConfiguration;
			buildSettings = {
				ALWAYS_SEARCH_USER_PATHS = NO;
				CLANG_ANALYZER_NONNULL = YES;
				CLANG_ANALYZER_NUMBER_OBJECT_CONVERSION = YES_AGGRESSIVE;
				CLANG_CXX_LANGUAGE_STANDARD = "gnu++14";
				CLANG_CXX_LIBRARY = "libc++";
				CLANG_ENABLE_MODULES = YES;
				CLANG_ENABLE_OBJC_ARC = YES;
				CLANG_ENABLE_OBJC_WEAK = YES;
				CLANG_WARN_BLOCK_CAPTURE_AUTORELEASING = YES;
				CLANG_WARN_BOOL_CONVERSION = YES;
				CLANG_WARN_COMMA = YES;
				CLANG_WARN_CONSTANT_CONVERSION = YES;
				CLANG_WARN_DEPRECATED_OBJC_IMPLEMENTATIONS = YES;
				CLANG_WARN_DIRECT_OBJC_ISA_USAGE = YES_ERROR;
				CLANG_WARN_DOCUMENTATION_COMMENTS = YES;
				CLANG_WARN_EMPTY_BODY = YES;
				CLANG_WARN_ENUM_CONVERSION = YES;
				CLANG_WARN_INFINITE_RECURSION = YES;
				CLANG_WARN_INT_CONVERSION = YES;
				CLANG_WARN_NON_LITERAL_NULL_CONVERSION = YES;
				CLANG_WARN_OBJC_IMPLICIT_RETAIN_SELF = YES;
				CLANG_WARN_OBJC_LITERAL_CONVERSION = YES;
				CLANG_WARN_OBJC_ROOT_CLASS = YES_ERROR;
				CLANG_WARN_QUOTED_INCLUDE_IN_FRAMEWORK_HEADER = YES;
				CLANG_WARN_RANGE_LOOP_ANALYSIS = YES;
				CLANG_WARN_STRICT_PROTOTYPES = YES;
				CLANG_WARN_SUSPICIOUS_MOVE = YES;
				CLANG_WARN_UNGUARDED_AVAILABILITY = YES_AGGRESSIVE;
				CLANG_WARN_UNREACHABLE_CODE = YES;
				CLANG_WARN__DUPLICATE_METHOD_MATCH = YES;
				CODE_SIGN_STYLE = Automatic;
				COPY_PHASE_STRIP = NO;
				CURRENT_PROJECT_VERSION = 1;
				DEBUG_INFORMATION_FORMAT = "dwarf-with-dsym";
				ENABLE_NS_ASSERTIONS = NO;
				ENABLE_STRICT_OBJC_MSGSEND = YES;
				ENABLE_USER_SCRIPT_SANDBOXING = YES;
				GCC_C_LANGUAGE_STANDARD = gnu11;
				GCC_NO_COMMON_BLOCKS = YES;
				GCC_WARN_64_TO_32_BIT_CONVERSION = YES;
				GCC_WARN_ABOUT_RETURN_TYPE = YES_ERROR;
				GCC_WARN_UNDECLARED_SELECTOR = YES;
				GCC_WARN_UNINITIALIZED_AUTOS = YES_AGGRESSIVE;
				GCC_WARN_UNUSED_FUNCTION = YES;
				GCC_WARN_UNUSED_VARIABLE = YES;
				IPHONEOS_DEPLOYMENT_TARGET = 17.0;
				MARKETING_VERSION = 1.0;
				MTL_ENABLE_DEBUG_INFO = NO;
				MTL_FAST_MATH = YES;
				PRODUCT_NAME = "$(TARGET_NAME)";
				SDKROOT = iphoneos;
				SWIFT_COMPILATION_MODE = wholemodule;
				SWIFT_OPTIMIZATION_LEVEL = "-O";
				SWIFT_STRICT_CONCURRENCY = minimal;
				SWIFT_VERSION = 5.0;
			};
			name = Release;
		};
		BC3803CE7F9293D8AEBC4217 /* Debug */ = {
			isa = XCBuildConfiguration;
			buildSettings = {
				ASSETCATALOG_COMPILER_APPICON_NAME = AppIcon;
				ASSETCATALOG_COMPILER_GLOBAL_ACCENT_COLOR_NAME = AccentColor;
				CODE_SIGN_IDENTITY = "iPhone Developer";
				ENABLE_PREVIEWS = YES;
				INFOPLIST_FILE = Nixel/Resources/Info.plist;
				LD_RUNPATH_SEARCH_PATHS = (
					"$(inherited)",
					"@executable_path/Frameworks",
				);
				PRODUCT_BUNDLE_IDENTIFIER = com.nilabha.nixel;
				PRODUCT_NAME = Nixel;
				SDKROOT = iphoneos;
				SUPPORTS_MACCATALYST = NO;
				SUPPORTS_MAC_DESIGNED_FOR_IPHONE_IPAD = NO;
				SUPPORTS_XR_DESIGNED_FOR_IPHONE_IPAD = NO;
				TARGETED_DEVICE_FAMILY = 1;
			};
			name = Debug;
		};
/* End XCBuildConfiguration section */

/* Begin XCConfigurationList section */
		BED996757ED8ECA1A43D6233 /* Build configuration list for PBXNativeTarget "Nixel" */ = {
			isa = XCConfigurationList;
			buildConfigurations = (
				BC3803CE7F9293D8AEBC4217 /* Debug */,
				90D6C4D89386FD287ABC7FF7 /* Release */,
			);
			defaultConfigurationIsVisible = 0;
			defaultConfigurationName = Debug;
		};
		EB522AC912B41FC2D1377F07 /* Build configuration list for PBXProject "Nixel" */ = {
			isa = XCConfigurationList;
			buildConfigurations = (
				6058718F892D3956E4C387B1 /* Debug */,
				96F8E6E6C1B00A7D7DF40598 /* Release */,
			);
			defaultConfigurationIsVisible = 0;
			defaultConfigurationName = Debug;
		};
/* End XCConfigurationList section */
	};
	rootObject = 4AB31C5C847362F431F3F0B3 /* Project object */;
}
